{
    "version": "0.5",
    "requires": [
        "zlib/1.3.1#b8bc2603263cf7eccbd6e17e66b0ed76%1750263732.782",
        "xxhash/0.8.2#7856c968c985b2981b707ee8f2413b2b%1750263730.908",
        "xrpl/2.5.0#7880d1696f11fceb1d498570f1a184c8%1751035267.743",
        "sqlite3/3.47.0#7a0904fd061f5f8a2366c294f9387830%1750263721.79",
        "soci/4.0.3#a9f8d773cd33e356b5879a4b0564f287%1750263717.455",
        "re2/20230301#dfd6e2bf050eb90ddd8729cfb4c844a4%1750263715.145",
        "rapidjson/cci.20220822#1b9d8c2256876a154172dc5cfbe447c6%1750263713.526",
        "protobuf/3.21.12#d927114e28de9f4691a6bbcdd9a529d1%1750263698.841",
        "openssl/1.1.1v#216374e4fb5b2e0f5ab1fb6f27b5b434%1750263685.885",
        "nudb/2.0.8#63990d3e517038e04bf529eb8167f69f%1750263683.814",
        "minizip/1.2.13#9e87d57804bd372d6d1e32b1871517a3%1750263681.745",
        "lz4/1.10.0#59fc63cac7f10fbe8e05c7e62c2f3504%1750263679.891",
        "libuv/1.46.0#78565d142ac7102776256328a26cdf60%1750263677.819",
        "libiconv/1.17#1ae2f60ab5d08de1643a22a81b360c59%1750257497.552",
        "libbacktrace/cci.20210118#a7691bfccd8caaf66309df196790a5a1%1750263675.748",
        "libarchive/3.7.6#e0453864b2a4d225f06b3304903cb2b7%1750263671.05",
        "http_parser/2.9.4#98d91690d6fd021e9e624218a85d9d97%1750263668.751",
        "gtest/1.14.0#f8f0757a574a8dd747d16af62d6eb1b7%1750263666.833",
        "grpc/1.50.1#02291451d1e17200293a409410d1c4e1%1750263646.614",
        "fmt/11.2.0#579bb2cdf4a7607621beea4eb4651e0f%1746298708.362",
        "fmt/10.1.1#021e170cf81db57da82b5f737b6906c1%1750263644.741",
        "date/3.0.3#cf28fe9c0aab99fe12da08aa42df65e1%1750263643.099",
        "cassandra-cpp-driver/2.17.0#e50919efac8418c26be6671fd702540a%1750263632.157",
        "c-ares/1.34.5#b78b91e7cfb1f11ce777a285bbf169c6%1750263630.06",
        "bzip2/1.0.8#00b4a4658791c1f06914e087f0e792f5%1750263627.95",
        "boost/1.83.0#8eb22f36ddfb61f54bbc412c4555bd66%1750263616.444",
        "benchmark/1.8.3#1a2ce62c99e2b3feaa57b1f0c15a8c46%1724323740.181",
        "abseil/20230802.1#f0f91485b111dc9837a68972cb19ca7b%1750263609.776"
    ],
    "build_requires": [
        "zlib/1.3.1#b8bc2603263cf7eccbd6e17e66b0ed76%1750263732.782",
        "protobuf/3.21.12#d927114e28de9f4691a6bbcdd9a529d1%1750263698.841",
        "protobuf/3.21.9#64ce20e1d9ea24f3d6c504015d5f6fa8%1750263690.822",
        "cmake/3.31.7#57c3e118bcf267552c0ea3f8bee1e7d5%1749863707.208",
        "b2/5.3.2#7b5fabfe7088ae933fb3e78302343ea0%1750263614.565"
    ],
    "python_requires": [],
    "overrides": {
        "boost/1.83.0": [
            null,
            "boost/1.83.0#8eb22f36ddfb61f54bbc412c4555bd66"
        ],
        "protobuf/3.21.9": [
            null,
            "protobuf/3.21.12"
        ],
        "lz4/1.9.4": [
            "lz4/1.10.0"
        ],
        "sqlite3/3.44.2": [
            "sqlite3/3.47.0"
        ]
    },
    "config_requires": []
}