{
    "version": "0.5",
    "requires": [
        "zlib/1.3.2#1cb806da49011867778ffb6ac7190fcb%1778091116.056",
        "xxhash/0.8.3#681d36a0a6111fc56e5e45ea182c19cc%1765850149.987",
        "xrpl/3.2.0#c3c124909c6461012758a4fab7c90cd5%1781569913.756",
        "sqlite3/3.53.0#324ada52333108388a9a6108bfa96734%1778091117.311",
        "spdlog/1.17.0#bcbaaf7147bda6ad24ffbd1ac3d7142c%1768312128.781",
        "soci/4.0.3#fe32b9ad5eb47e79ab9e45a68f363945%1774450067.231",
        "snappy/1.1.10#968fef506ff261592ec30c574d4a7809%1765850147.878",
        "secp256k1/0.7.1#481881709eb0bdd0185a12b912bbe8ad%1770910500.329",
        "rocksdb/10.5.1#4a197eca381a3e5ae8adf8cffa5aacd0%1765850186.86",
        "re2/20251105#8579cfd0bda4daf0683f9e3898f964b4%1774398111.888",
        "rapidjson/cci.20220822#1b9d8c2256876a154172dc5cfbe447c6%1754325007.656",
        "protobuf/6.33.5#d96d52ba5baaaa532f47bda866ad87a5%1774467363.12",
        "openssl/3.6.2#4789bbf131b77d0515d15e094c8f697f%1778071755.506",
        "nudb/2.0.9#11149c73f8f2baff9a0198fe25971fc7%1775040983.408",
        "minizip/1.2.13#9e87d57804bd372d6d1e32b1871517a3%1754325004.374",
        "lz4/1.10.0#59fc63cac7f10fbe8e05c7e62c2f3504%1765850143.914",
        "libuv/1.46.0#dc28c1f653fa197f00db5b577a6f6011%1754325003.592",
        "libiconv/1.17#1e65319e945f2d31941a9d28cc13c058%1765842973.492",
        "libbacktrace/cci.20210118#a7691bfccd8caaf66309df196790a5a1%1765842973.03",
        "libarchive/3.8.7#c446109bd1f1d8ba7936c94189bc50e6%1778091117.848",
        "http_parser/2.9.4#98d91690d6fd021e9e624218a85d9d97%1754325001.385",
        "gtest/1.17.0#5224b3b3ff3b4ce1133cbdd27d53ee7d%1768312129.152",
        "grpc/1.78.1#b1a9e74b145cc471bed4dc64dc6eb2c1%1774467387.342",
        "fmt/12.1.0#50abab23274d56bb8f42c94b3b9a40c7%1763984116.926",
        "ed25519/2015.03#ae761bdc52730a843f0809bdf6c1b1f6%1765850143.772",
        "date/3.0.4#862e11e80030356b53c2c38599ceb32b%1765850143.772",
        "cassandra-cpp-driver/2.17.0#bd3934138689482102c265d01288a316%1764175359.611",
        "c-ares/1.34.6#545240bb1c40e2cacd4362d6b8967650%1774439234.681",
        "bzip2/1.0.8#c470882369c2d95c5c77e970c0c7e321%1765850143.837",
        "boost/1.91.0#ea540ca2133d831b560036aa24dece3c%1778091165.282",
        "benchmark/1.9.5#b885dc73ad67b40a55d45684d1c88ad1%1774363287.434",
        "abseil/20250127.0#bb0baf1f362bc4a725a24eddd419b8f7%1774365460.196"
    ],
    "build_requires": [
        "zlib/1.3.2#1cb806da49011867778ffb6ac7190fcb%1778091116.056",
        "protobuf/6.33.5#d96d52ba5baaaa532f47bda866ad87a5%1774467363.12",
        "cmake/4.3.0#b939a42e98f593fb34d3a8c5cc860359%1774439249.183",
        "cmake/3.31.11#f325c933f618a1fcebc1e1c0babfd1ba%1774439246.719",
        "b2/5.4.2#ffd6084a119587e70f11cd45d1a386e2%1774439233.447",
        "abseil/20250127.0#bb0baf1f362bc4a725a24eddd419b8f7%1774365460.196"
    ],
    "python_requires": [],
    "overrides": {
        "zlib/[>=1.2.11 <2]": [
            "zlib/1.3.2#1cb806da49011867778ffb6ac7190fcb"
        ],
        "zlib/1.3.2": [
            null,
            "zlib/1.3.2#1cb806da49011867778ffb6ac7190fcb"
        ],
        "boost/1.91.0": [
            "boost/1.91.0#ea540ca2133d831b560036aa24dece3c"
        ],
        "protobuf/[>=5.27.0 <7]": [
            "protobuf/6.33.5"
        ],
        "lz4/1.9.4": [
            "lz4/1.10.0"
        ],
        "boost/[>=1.83.0 <1.91.0]": [
            "boost/1.91.0"
        ],
        "sqlite3/[>=3.44 <4]": [
            "sqlite3/3.53.0"
        ],
        "boost/1.83.0": [
            "boost/1.91.0"
        ],
        "lz4/[>=1.9.4 <2]": [
            "lz4/1.10.0#59fc63cac7f10fbe8e05c7e62c2f3504"
        ]
    },
    "config_requires": []
}
