{
    "version": "0.5",
    "requires": [
        "zlib/1.3.1#b8bc2603263cf7eccbd6e17e66b0ed76%1765850150.075",
        "xxhash/0.8.3#681d36a0a6111fc56e5e45ea182c19cc%1765850149.987",
        "xrpl/3.0.0#534d3f65a336109eee929b88962bae4e%1765375071.547",
        "sqlite3/3.49.1#8631739a4c9b93bd3d6b753bac548a63%1765850149.926",
        "spdlog/1.17.0#bcbaaf7147bda6ad24ffbd1ac3d7142c%1767636069.964",
        "soci/4.0.3#a9f8d773cd33e356b5879a4b0564f287%1765850149.46",
        "re2/20230301#ca3b241baec15bd31ea9187150e0b333%1765850148.103",
        "rapidjson/cci.20220822#1b9d8c2256876a154172dc5cfbe447c6%1754325007.656",
        "protobuf/3.21.12#44ee56c0a6eea0c19aeeaca680370b88%1764175361.456",
        "openssl/1.1.1w#a8f0792d7c5121b954578a7149d23e03%1756223730.729",
        "nudb/2.0.9#fb8dfd1a5557f5e0528114c2da17721e%1765850143.957",
        "minizip/1.2.13#9e87d57804bd372d6d1e32b1871517a3%1754325004.374",
        "lz4/1.10.0#59fc63cac7f10fbe8e05c7e62c2f3504%1765850143.914",
        "libuv/1.46.0#dc28c1f653fa197f00db5b577a6f6011%1754325003.592",
        "libiconv/1.17#1e65319e945f2d31941a9d28cc13c058%1765842973.492",
        "libbacktrace/cci.20210118#a7691bfccd8caaf66309df196790a5a1%1765842973.03",
        "libarchive/3.8.1#ffee18995c706e02bf96e7a2f7042e0d%1765850144.736",
        "http_parser/2.9.4#98d91690d6fd021e9e624218a85d9d97%1754325001.385",
        "gtest/1.17.0#5224b3b3ff3b4ce1133cbdd27d53ee7d%1755784855.585",
        "grpc/1.50.1#02291451d1e17200293a409410d1c4e1%1756234248.958",
        "fmt/12.1.0#50abab23274d56bb8f42c94b3b9a40c7%1763984116.926",
        "doctest/2.4.11#a4211dfc329a16ba9f280f9574025659%1756234220.819",
        "date/3.0.4#862e11e80030356b53c2c38599ceb32b%1765850143.772",
        "cassandra-cpp-driver/2.17.0#bd3934138689482102c265d01288a316%1764175359.611",
        "c-ares/1.34.5#5581c2b62a608b40bb85d965ab3ec7c8%1765850144.336",
        "bzip2/1.0.8#c470882369c2d95c5c77e970c0c7e321%1765850143.837",
        "boost/1.83.0#91d8b1572534d2c334d6790e3c34d0c1%1764175359.61",
        "benchmark/1.9.4#ce4403f7a24d3e1f907cd9da4b678be4%1754578869.672",
        "abseil/20230802.1#90ba607d4ee8fb5fb157c3db540671fc%1764175359.429"
    ],
    "build_requires": [
        "zlib/1.3.1#b8bc2603263cf7eccbd6e17e66b0ed76%1765850150.075",
        "protobuf/3.21.12#44ee56c0a6eea0c19aeeaca680370b88%1764175361.456",
        "cmake/4.2.0#ae0a44f44a1ef9ab68fd4b3e9a1f8671%1765850153.937",
        "cmake/3.31.10#313d16a1aa16bbdb2ca0792467214b76%1765850153.479",
        "b2/5.3.3#107c15377719889654eb9a162a673975%1765850144.355"
    ],
    "python_requires": [],
    "overrides": {
        "boost/1.83.0": [
            null,
            "boost/1.83.0#91d8b1572534d2c334d6790e3c34d0c1"
        ],
        "protobuf/3.21.12": [
            null,
            "protobuf/3.21.12#44ee56c0a6eea0c19aeeaca680370b88"
        ],
        "lz4/1.9.4": [
            "lz4/1.10.0"
        ],
        "sqlite3/3.44.2": [
            "sqlite3/3.49.1"
        ]
    },
    "config_requires": []
}
